
Microsoft Visual Studio Solution File, Format Version 12.00
# Visual Studio Version 17
VisualStudioVersion = 17.0.31903.59
MinimumVisualStudioVersion = 10.0.40219.1
Project("{2150E333-8FDC-42A3-9474-1A3956D46DE8}") = "src", "src", "{8CF36847-933B-47B1-8B49-1104B46D0512}"
EndProject
Project("{FAE04EC0-301F-11D3-BF4B-00C04F79EFBC}") = "AuctionService", "src\AuctionService\AuctionService.csproj", "{55A61C9F-616B-47B4-9180-A393AFA3161B}"
EndProject
Project("{FAE04EC0-301F-11D3-BF4B-00C04F79EFBC}") = "SearchService", "src\SearchService\SearchService.csproj", "{1765D7A9-2234-49A1-8059-8760B8BC111B}"
EndProject
Project("{FAE04EC0-301F-11D3-BF4B-00C04F79EFBC}") = "Contracts", "src\Contracts\Contracts.csproj", "{103C929D-E5ED-4E6C-B42D-6E9A33F1C7D4}"
EndProject
Project("{FAE04EC0-301F-11D3-BF4B-00C04F79EFBC}") = "IdentityService", "src\IdentityService\IdentityService.csproj", "{F3B60725-342D-47D8-B1AD-7ACAE4148AC6}"
EndProject
Global
	GlobalSection(SolutionConfigurationPlatforms) = preSolution
		Debug|Any CPU = Debug|Any CPU
		Release|Any CPU = Release|Any CPU
	EndGlobalSection
	GlobalSection(SolutionProperties) = preSolution
		HideSolutionNode = FALSE
	EndGlobalSection
	GlobalSection(ProjectConfigurationPlatforms) = postSolution
		{55A61C9F-616B-47B4-9180-A393AFA3161B}.Debug|Any CPU.ActiveCfg = Debug|Any CPU
		{55A61C9F-616B-47B4-9180-A393AFA3161B}.Debug|Any CPU.Build.0 = Debug|Any CPU
		{55A61C9F-616B-47B4-9180-A393AFA3161B}.Release|Any CPU.ActiveCfg = Release|Any CPU
		{55A61C9F-616B-47B4-9180-A393AFA3161B}.Release|Any CPU.Build.0 = Release|Any CPU
		{1765D7A9-2234-49A1-8059-8760B8BC111B}.Debug|Any CPU.ActiveCfg = Debug|Any CPU
		{1765D7A9-2234-49A1-8059-8760B8BC111B}.Debug|Any CPU.Build.0 = Debug|Any CPU
		{1765D7A9-2234-49A1-8059-8760B8BC111B}.Release|Any CPU.ActiveCfg = Release|Any CPU
		{1765D7A9-2234-49A1-8059-8760B8BC111B}.Release|Any CPU.Build.0 = Release|Any CPU
		{103C929D-E5ED-4E6C-B42D-6E9A33F1C7D4}.Debug|Any CPU.ActiveCfg = Debug|Any CPU
		{103C929D-E5ED-4E6C-B42D-6E9A33F1C7D4}.Debug|Any CPU.Build.0 = Debug|Any CPU
		{103C929D-E5ED-4E6C-B42D-6E9A33F1C7D4}.Release|Any CPU.ActiveCfg = Release|Any CPU
		{103C929D-E5ED-4E6C-B42D-6E9A33F1C7D4}.Release|Any CPU.Build.0 = Release|Any CPU
		{F3B60725-342D-47D8-B1AD-7ACAE4148AC6}.Debug|Any CPU.ActiveCfg = Debug|Any CPU
		{F3B60725-342D-47D8-B1AD-7ACAE4148AC6}.Debug|Any CPU.Build.0 = Debug|Any CPU
		{F3B60725-342D-47D8-B1AD-7ACAE4148AC6}.Release|Any CPU.ActiveCfg = Release|Any CPU
		{F3B60725-342D-47D8-B1AD-7ACAE4148AC6}.Release|Any CPU.Build.0 = Release|Any CPU
	EndGlobalSection
	GlobalSection(NestedProjects) = preSolution
		{55A61C9F-616B-47B4-9180-A393AFA3161B} = {8CF36847-933B-47B1-8B49-1104B46D0512}
		{1765D7A9-2234-49A1-8059-8760B8BC111B} = {8CF36847-933B-47B1-8B49-1104B46D0512}
		{103C929D-E5ED-4E6C-B42D-6E9A33F1C7D4} = {8CF36847-933B-47B1-8B49-1104B46D0512}
		{F3B60725-342D-47D8-B1AD-7ACAE4148AC6} = {8CF36847-933B-47B1-8B49-1104B46D0512}
	EndGlobalSection
EndGlobal
